
Microsoft Visual Studio Solution File, Format Version 12.00
# Visual Studio 15
VisualStudioVersion = 15.0.28010.2036
MinimumVisualStudioVersion = 10.0.40219.1
Project("{FAE04EC0-301F-11D3-BF4B-00C04F79EFBC}") = "Lab3B", "Lab3B\Lab3B.csproj", "{A3079F7F-3BD5-4F8C-AA19-7B6E7E34165D}"
EndProject
Global
	GlobalSection(SolutionConfigurationPlatforms) = preSolution
		Debug|Any CPU = Debug|Any CPU
		Release|Any CPU = Release|Any CPU
	EndGlobalSection
	GlobalSection(ProjectConfigurationPlatforms) = postSolution
		{A3079F7F-3BD5-4F8C-AA19-7B6E7E34165D}.Debug|Any CPU.ActiveCfg = Debug|Any CPU
		{A3079F7F-3BD5-4F8C-AA19-7B6E7E34165D}.Debug|Any CPU.Build.0 = Debug|Any CPU
		{A3079F7F-3BD5-4F8C-AA19-7B6E7E34165D}.Release|Any CPU.ActiveCfg = Release|Any CPU
		{A3079F7F-3BD5-4F8C-AA19-7B6E7E34165D}.Release|Any CPU.Build.0 = Release|Any CPU
	EndGlobalSection
	GlobalSection(SolutionProperties) = preSolution
		HideSolutionNode = FALSE
	EndGlobalSection
	GlobalSection(ExtensibilityGlobals) = postSolution
		SolutionGuid = {0D45CB65-481E-4277-BCFC-5D4322873A68}
	EndGlobalSection
EndGlobal
